{
  "qwen2.5-0.5b-mlx4": {
    "files": {
      "added_tokens.json": "58b54bbe36fc752f79a24a271ef66a0a0830054b4dfad94bde757d851968060b",
      "config.json": "b045e57ea90b8f1b35f89f954b176a5c1faa02bd0af2c89bcec191239d66cef4",
      "merges.txt": "8831e4f1a044471340f7c0a83d7bd71306a5b867e95fd870f74d0c5308a904d5",
      "model.safetensors": "ddffab9cbc7bf6dde941c6724841eeca8981fcfa81ca20ff8efff1396326d153",
      "model.safetensors.index.json": "54001cb4c11197119c206dde28e7be08e5872aab6c6d271aed339ec77e84f870",
      "special_tokens_map.json": "76862e765266b85aa9459767e33cbaf13970f327a0e88d1c65846c2ddd3a1ecd",
      "tokenizer.json": "a8506e7111b80c6d8635951a02eab0f4e1a8e4e5772da83846579e97b16f61bf",
      "tokenizer_config.json": "f7c61e32b7a17d19bf8e7037dcb74079a833e53ea9801f24008cac68458f03b7",
      "vocab.json": "ca10d7e9fb3ed18575dd1e277a2579c16d108e32f27439684afa0e10b1440910"
    },
    "repo": "mlx-community/Qwen2.5-0.5B-Instruct-4bit",
    "revision": "a5339a4131f135d0fdc6a5c8b5bbed2753bbe0f3"
  },
  "qwen3.5-9b-mlx4": {
    "files": {
      "chat_template.jinja": "a4aee8afcf2e0711942cf848899be66016f8d14a889ff9ede07bca099c28f715",
      "config.json": "a96942cb6a8a1d3f1d17514d81a1925d04362a6a3233b389d13012211baaa9f8",
      "model-00001-of-00002.safetensors": "a68b87558c6ef43f74c2bd63ce7e9092ceddc3101f3def0030774bae5f42aadd",
      "model-00002-of-00002.safetensors": "b0a770bf8469c7f3f18756a0e0283f1c1174344a83e059a4e483f6af4907352d",
      "model.safetensors.index.json": "dd023913fb87cfdae27fb11dcf695117c925833796ccac3c64117d6652d8ff1e",
      "tokenizer.json": "87a7830d63fcf43bf241c3c5242e96e62dd3fdc29224ca26fed8ea333db72de4",
      "tokenizer_config.json": "e98f1901ac6f0adff67b1d540bfa0c36ac1a0cf59eb72ed78146ef89aafa1182",
      "vocab.json": "ce99b4cb2983d118806ce0a8b777a35b093e2000a503ebde25853284c9dfa003"
    },
    "repo": "mlx-community/Qwen3.5-9B-MLX-4bit",
    "revision": "938d8919941c6e7efd3c7150eff7fe9d12afa631"
  },
  "smollm2-135m": {
    "files": {
      "config.json": "8eb740e8bbe4cff95ea7b4588d17a2432deb16e8075bc5828ff7ba9be94d982a",
      "generation_config.json": "87b916edaaab66b3899b9d0dd0752727dff6666686da0504d89ae0a6e055a013",
      "merges.txt": "0b54e8aa4e53d5383e2e4bc635a56b43f9647f7b13832d5d9ecd8f82dac4f510",
      "model.safetensors": "5af571cbf074e6d21a03528d2330792e532ca608f24ac70a143f6b369968ab8c",
      "special_tokens_map.json": "2b7379f3ae813529281a5c602bc5a11c1d4e0a99107aaa597fe936c1e813ca52",
      "tokenizer.json": "9ca9acddb6525a194ec8ac7a87f24fbba7232a9a15ffa1af0c1224fcd888e47c",
      "tokenizer_config.json": "4ec77d44f62efeb38d7e044a1db318f6a939438425312dfa333b8382dbad98df",
      "vocab.json": "82b84012e3add4d01d12ba14442026e49b8cbbaead1f79ecf3d919784f82dc79"
    },
    "repo": "HuggingFaceTB/SmolLM2-135M-Instruct",
    "revision": "12fd25f77366fa6b3b4b768ec3050bf629380bac"
  }
}
